
Microsoft Visual Studio Solution File, Format Version 12.00
# Visual Studio 15
Project("{FAE04EC0-301F-11D3-BF4B-00C04F79EFBC}") = "Assembly-CSharp", "Assembly-CSharp.csproj", "{EE21F0EC-5134-D374-0F58-1103F7FD3EB7}"
EndProject
Project("{FAE04EC0-301F-11D3-BF4B-00C04F79EFBC}") = "Assembly-CSharp-Editor", "Assembly-CSharp-Editor.csproj", "{7C80E5A1-ACF8-69F9-F4A0-8A8BCBDC0111}"
EndProject
Global
	GlobalSection(SolutionConfigurationPlatforms) = preSolution
		Debug|Any CPU = Debug|Any CPU
		Release|Any CPU = Release|Any CPU
	EndGlobalSection
	GlobalSection(ProjectConfigurationPlatforms) = postSolution
		{EE21F0EC-5134-D374-0F58-1103F7FD3EB7}.Debug|Any CPU.ActiveCfg = Debug|Any CPU
		{EE21F0EC-5134-D374-0F58-1103F7FD3EB7}.Debug|Any CPU.Build.0 = Debug|Any CPU
		{EE21F0EC-5134-D374-0F58-1103F7FD3EB7}.Release|Any CPU.ActiveCfg = Release|Any CPU
		{EE21F0EC-5134-D374-0F58-1103F7FD3EB7}.Release|Any CPU.Build.0 = Release|Any CPU
		{7C80E5A1-ACF8-69F9-F4A0-8A8BCBDC0111}.Debug|Any CPU.ActiveCfg = Debug|Any CPU
		{7C80E5A1-ACF8-69F9-F4A0-8A8BCBDC0111}.Debug|Any CPU.Build.0 = Debug|Any CPU
		{7C80E5A1-ACF8-69F9-F4A0-8A8BCBDC0111}.Release|Any CPU.ActiveCfg = Release|Any CPU
		{7C80E5A1-ACF8-69F9-F4A0-8A8BCBDC0111}.Release|Any CPU.Build.0 = Release|Any CPU
	EndGlobalSection
	GlobalSection(SolutionProperties) = preSolution
		HideSolutionNode = FALSE
	EndGlobalSection
EndGlobal
